// !$*UTF8*$!
{
	archiveVersion = 1;
	classes = {
	};
	objectVersion = 46;
	objects = {

/* Begin PBXBuildFile section */
		9A67F04119DCA815007687CB /* NSMutableArray+SWUtilityButtons.m in Sources */ = {isa = PBXBuildFile; fileRef = 9A67F03619DCA815007687CB /* NSMutableArray+SWUtilityButtons.m */; };
		9A67F04219DCA815007687CB /* SWCellScrollView.m in Sources */ = {isa = PBXBuildFile; fileRef = 9A67F03819DCA815007687CB /* SWCellScrollView.m */; };
		9A67F04319DCA815007687CB /* SWLongPressGestureRecognizer.m in Sources */ = {isa = PBXBuildFile; fileRef = 9A67F03A19DCA815007687CB /* SWLongPressGestureRecognizer.m */; };
		9A67F04419DCA815007687CB /* SWTableViewCell.m in Sources */ = {isa = PBXBuildFile; fileRef = 9A67F03C19DCA815007687CB /* SWTableViewCell.m */; };
		9A67F04519DCA815007687CB /* SWUtilityButtonTapGestureRecognizer.m in Sources */ = {isa = PBXBuildFile; fileRef = 9A67F03E19DCA815007687CB /* SWUtilityButtonTapGestureRecognizer.m */; };
		9A67F04619DCA815007687CB /* SWUtilityButtonView.m in Sources */ = {isa = PBXBuildFile; fileRef = 9A67F04019DCA815007687CB /* SWUtilityButtonView.m */; };
		9A67F05419DCB2C5007687CB /* check@2x.png in Resources */ = {isa = PBXBuildFile; fileRef = 9A67F05019DCB2C5007687CB /* check@2x.png */; };
		9A67F05519DCB2C5007687CB /* clock@2x.png in Resources */ = {isa = PBXBuildFile; fileRef = 9A67F05119DCB2C5007687CB /* clock@2x.png */; };
		9A67F05619DCB2C5007687CB /* cross@2x.png in Resources */ = {isa = PBXBuildFile; fileRef = 9A67F05219DCB2C5007687CB /* cross@2x.png */; };
		9A67F05719DCB2C5007687CB /* list@2x.png in Resources */ = {isa = PBXBuildFile; fileRef = 9A67F05319DCB2C5007687CB /* list@2x.png */; };
		9A8F2EF419D5EF3500B85794 /* Main.storyboard in Resources */ = {isa = PBXBuildFile; fileRef = 9A8F2EF319D5EF3500B85794 /* Main.storyboard */; };
		9AA0CC1919DB12CB0029030D /* LocationManager.m in Sources */ = {isa = PBXBuildFile; fileRef = 9AA0CC1819DB12CB0029030D /* LocationManager.m */; };
		ED0A368F19DAD7490011DDB9 /* YAGMapView.m in Sources */ = {isa = PBXBuildFile; fileRef = ED0A368E19DAD7490011DDB9 /* YAGMapView.m */; };
		ED16AC8619DA5CAE009347F1 /* Report.m in Sources */ = {isa = PBXBuildFile; fileRef = ED16AC8519DA5CAE009347F1 /* Report.m */; };
		ED16AC8919DA5CC2009347F1 /* MapReport.m in Sources */ = {isa = PBXBuildFile; fileRef = ED16AC8819DA5CC2009347F1 /* MapReport.m */; };
		ED16ACAB19DA5E0A009347F1 /* YAGMapReportVC.m in Sources */ = {isa = PBXBuildFile; fileRef = ED16ACA519DA5E09009347F1 /* YAGMapReportVC.m */; };
		ED16ACAC19DA5E0A009347F1 /* YAGReportTVCell.m in Sources */ = {isa = PBXBuildFile; fileRef = ED16ACA919DA5E09009347F1 /* YAGReportTVCell.m */; };
		ED16ACAD19DA5E0A009347F1 /* YAGReportTVCell.xib in Resources */ = {isa = PBXBuildFile; fileRef = ED16ACAA19DA5E0A009347F1 /* YAGReportTVCell.xib */; };
		ED1C88E719DE2C360014EAFC /* Event.m in Sources */ = {isa = PBXBuildFile; fileRef = ED1C88E619DE2C360014EAFC /* Event.m */; };
		ED1C88EA19DE337B0014EAFC /* User.m in Sources */ = {isa = PBXBuildFile; fileRef = ED1C88E919DE337B0014EAFC /* User.m */; };
		ED70246B19B748380014814C /* Foundation.framework in Frameworks */ = {isa = PBXBuildFile; fileRef = ED70246A19B748380014814C /* Foundation.framework */; };
		ED70246D19B748380014814C /* CoreGraphics.framework in Frameworks */ = {isa = PBXBuildFile; fileRef = ED70246C19B748380014814C /* CoreGraphics.framework */; };
		ED70246F19B748380014814C /* UIKit.framework in Frameworks */ = {isa = PBXBuildFile; fileRef = ED70246E19B748380014814C /* UIKit.framework */; };
		ED70247519B748380014814C /* InfoPlist.strings in Resources */ = {isa = PBXBuildFile; fileRef = ED70247319B748380014814C /* InfoPlist.strings */; };
		ED70247719B748380014814C /* main.m in Sources */ = {isa = PBXBuildFile; fileRef = ED70247619B748380014814C /* main.m */; };
		ED70247B19B748380014814C /* YAGAppDelegate.m in Sources */ = {isa = PBXBuildFile; fileRef = ED70247A19B748380014814C /* YAGAppDelegate.m */; };
		ED70247E19B748380014814C /* Main_.storyboard in Resources */ = {isa = PBXBuildFile; fileRef = ED70247C19B748380014814C /* Main_.storyboard */; };
		ED70248319B748380014814C /* Images.xcassets in Resources */ = {isa = PBXBuildFile; fileRef = ED70248219B748380014814C /* Images.xcassets */; };
		ED70248A19B748380014814C /* XCTest.framework in Frameworks */ = {isa = PBXBuildFile; fileRef = ED70248919B748380014814C /* XCTest.framework */; };
		ED70248B19B748380014814C /* Foundation.framework in Frameworks */ = {isa = PBXBuildFile; fileRef = ED70246A19B748380014814C /* Foundation.framework */; };
		ED70248C19B748380014814C /* UIKit.framework in Frameworks */ = {isa = PBXBuildFile; fileRef = ED70246E19B748380014814C /* UIKit.framework */; };
		ED70249419B748380014814C /* InfoPlist.strings in Resources */ = {isa = PBXBuildFile; fileRef = ED70249219B748380014814C /* InfoPlist.strings */; };
		ED70249619B748380014814C /* YagoTests.m in Sources */ = {isa = PBXBuildFile; fileRef = ED70249519B748380014814C /* YagoTests.m */; };
		ED7024A119B7485C0014814C /* GoogleMaps.bundle in Resources */ = {isa = PBXBuildFile; fileRef = ED70249F19B7485C0014814C /* GoogleMaps.bundle */; };
		ED7024A219B7485C0014814C /* GoogleMaps.framework in Frameworks */ = {isa = PBXBuildFile; fileRef = ED7024A019B7485C0014814C /* GoogleMaps.framework */; };
		ED7024A919B748630014814C /* FacebookSDK.framework in Frameworks */ = {isa = PBXBuildFile; fileRef = ED7024A519B748630014814C /* FacebookSDK.framework */; };
		ED7024AA19B748630014814C /* Parse.framework in Frameworks */ = {isa = PBXBuildFile; fileRef = ED7024A619B748630014814C /* Parse.framework */; };
		ED7024AB19B748630014814C /* ParseFacebookUtils.framework in Frameworks */ = {isa = PBXBuildFile; fileRef = ED7024A719B748630014814C /* ParseFacebookUtils.framework */; };
		ED7024AF19B749120014814C /* AudioToolbox.framework in Frameworks */ = {isa = PBXBuildFile; fileRef = ED7024AE19B749120014814C /* AudioToolbox.framework */; };
		ED7024B119B7491B0014814C /* CFNetwork.framework in Frameworks */ = {isa = PBXBuildFile; fileRef = ED7024B019B7491B0014814C /* CFNetwork.framework */; };
		ED7024B319B7492C0014814C /* CoreLocation.framework in Frameworks */ = {isa = PBXBuildFile; fileRef = ED7024B219B7492C0014814C /* CoreLocation.framework */; };
		ED7024B519B749340014814C /* libz.dylib in Frameworks */ = {isa = PBXBuildFile; fileRef = ED7024B419B749340014814C /* libz.dylib */; };
		ED7024B719B7493C0014814C /* MobileCoreServices.framework in Frameworks */ = {isa = PBXBuildFile; fileRef = ED7024B619B7493C0014814C /* MobileCoreServices.framework */; };
		ED7024B919B749430014814C /* QuartzCore.framework in Frameworks */ = {isa = PBXBuildFile; fileRef = ED7024B819B749430014814C /* QuartzCore.framework */; };
		ED7024BB19B7494B0014814C /* Security.framework in Frameworks */ = {isa = PBXBuildFile; fileRef = ED7024BA19B7494B0014814C /* Security.framework */; };
		ED7024BD19B749510014814C /* StoreKit.framework in Frameworks */ = {isa = PBXBuildFile; fileRef = ED7024BC19B749510014814C /* StoreKit.framework */; };
		ED7024BF19B749590014814C /* SystemConfiguration.framework in Frameworks */ = {isa = PBXBuildFile; fileRef = ED7024BE19B749590014814C /* SystemConfiguration.framework */; };
		ED7024C119B749C70014814C /* AVFoundation.framework in Frameworks */ = {isa = PBXBuildFile; fileRef = ED7024C019B749C70014814C /* AVFoundation.framework */; };
		ED7024C319B749D40014814C /* CoreData.framework in Frameworks */ = {isa = PBXBuildFile; fileRef = ED7024C219B749D40014814C /* CoreData.framework */; };
		ED7024C519B749E80014814C /* CoreText.framework in Frameworks */ = {isa = PBXBuildFile; fileRef = ED7024C419B749E80014814C /* CoreText.framework */; };
		ED7024C719B749F10014814C /* GLKit.framework in Frameworks */ = {isa = PBXBuildFile; fileRef = ED7024C619B749F10014814C /* GLKit.framework */; };
		ED7024C919B749F80014814C /* ImageIO.framework in Frameworks */ = {isa = PBXBuildFile; fileRef = ED7024C819B749F70014814C /* ImageIO.framework */; };
		ED7024CB19B74A010014814C /* libc++.dylib in Frameworks */ = {isa = PBXBuildFile; fileRef = ED7024CA19B74A010014814C /* libc++.dylib */; };
		ED7024CD19B74A080014814C /* libicucore.dylib in Frameworks */ = {isa = PBXBuildFile; fileRef = ED7024CC19B74A080014814C /* libicucore.dylib */; };
		ED7024CF19B74A160014814C /* OpenGLES.framework in Frameworks */ = {isa = PBXBuildFile; fileRef = ED7024CE19B74A160014814C /* OpenGLES.framework */; };
		ED7024D119B74A5B0014814C /* Social.framework in Frameworks */ = {isa = PBXBuildFile; fileRef = ED7024D019B74A5B0014814C /* Social.framework */; };
		ED7024D319B74A610014814C /* Accounts.framework in Frameworks */ = {isa = PBXBuildFile; fileRef = ED7024D219B74A610014814C /* Accounts.framework */; };
/* End PBXBuildFile section */

/* Begin PBXContainerItemProxy section */
		ED70248D19B748380014814C /* PBXContainerItemProxy */ = {
			isa = PBXContainerItemProxy;
			containerPortal = ED70245F19B748380014814C /* Project object */;
			proxyType = 1;
			remoteGlobalIDString = ED70246619B748380014814C;
			remoteInfo = Yago;
		};
/* End PBXContainerItemProxy section */

/* Begin PBXFileReference section */
		9A67F03519DCA815007687CB /* NSMutableArray+SWUtilityButtons.h */ = {isa = PBXFileReference; fileEncoding = 4; lastKnownFileType = sourcecode.c.h; path = "NSMutableArray+SWUtilityButtons.h"; sourceTree = "<group>"; };
		9A67F03619DCA815007687CB /* NSMutableArray+SWUtilityButtons.m */ = {isa = PBXFileReference; fileEncoding = 4; lastKnownFileType = sourcecode.c.objc; path = "NSMutableArray+SWUtilityButtons.m"; sourceTree = "<group>"; };
		9A67F03719DCA815007687CB /* SWCellScrollView.h */ = {isa = PBXFileReference; fileEncoding = 4; lastKnownFileType = sourcecode.c.h; path = SWCellScrollView.h; sourceTree = "<group>"; };
		9A67F03819DCA815007687CB /* SWCellScrollView.m */ = {isa = PBXFileReference; fileEncoding = 4; lastKnownFileType = sourcecode.c.objc; path = SWCellScrollView.m; sourceTree = "<group>"; };
		9A67F03919DCA815007687CB /* SWLongPressGestureRecognizer.h */ = {isa = PBXFileReference; fileEncoding = 4; lastKnownFileType = sourcecode.c.h; path = SWLongPressGestureRecognizer.h; sourceTree = "<group>"; };
		9A67F03A19DCA815007687CB /* SWLongPressGestureRecognizer.m */ = {isa = PBXFileReference; fileEncoding = 4; lastKnownFileType = sourcecode.c.objc; path = SWLongPressGestureRecognizer.m; sourceTree = "<group>"; };
		9A67F03B19DCA815007687CB /* SWTableViewCell.h */ = {isa = PBXFileReference; fileEncoding = 4; lastKnownFileType = sourcecode.c.h; path = SWTableViewCell.h; sourceTree = "<group>"; };
		9A67F03C19DCA815007687CB /* SWTableViewCell.m */ = {isa = PBXFileReference; fileEncoding = 4; lastKnownFileType = sourcecode.c.objc; path = SWTableViewCell.m; sourceTree = "<group>"; };
		9A67F03D19DCA815007687CB /* SWUtilityButtonTapGestureRecognizer.h */ = {isa = PBXFileReference; fileEncoding = 4; lastKnownFileType = sourcecode.c.h; path = SWUtilityButtonTapGestureRecognizer.h; sourceTree = "<group>"; };
		9A67F03E19DCA815007687CB /* SWUtilityButtonTapGestureRecognizer.m */ = {isa = PBXFileReference; fileEncoding = 4; lastKnownFileType = sourcecode.c.objc; path = SWUtilityButtonTapGestureRecognizer.m; sourceTree = "<group>"; };
		9A67F03F19DCA815007687CB /* SWUtilityButtonView.h */ = {isa = PBXFileReference; fileEncoding = 4; lastKnownFileType = sourcecode.c.h; path = SWUtilityButtonView.h; sourceTree = "<group>"; };
		9A67F04019DCA815007687CB /* SWUtilityButtonView.m */ = {isa = PBXFileReference; fileEncoding = 4; lastKnownFileType = sourcecode.c.objc; path = SWUtilityButtonView.m; sourceTree = "<group>"; };
		9A67F05019DCB2C5007687CB /* check@2x.png */ = {isa = PBXFileReference; lastKnownFileType = image.png; path = "check@2x.png"; sourceTree = "<group>"; };
		9A67F05119DCB2C5007687CB /* clock@2x.png */ = {isa = PBXFileReference; lastKnownFileType = image.png; path = "clock@2x.png"; sourceTree = "<group>"; };
		9A67F05219DCB2C5007687CB /* cross@2x.png */ = {isa = PBXFileReference; lastKnownFileType = image.png; path = "cross@2x.png"; sourceTree = "<group>"; };
		9A67F05319DCB2C5007687CB /* list@2x.png */ = {isa = PBXFileReference; lastKnownFileType = image.png; path = "list@2x.png"; sourceTree = "<group>"; };
		9A8F2EF319D5EF3500B85794 /* Main.storyboard */ = {isa = PBXFileReference; fileEncoding = 4; lastKnownFileType = file.storyboard; path = Main.storyboard; sourceTree = "<group>"; };
		9AA0CC1719DB12CB0029030D /* LocationManager.h */ = {isa = PBXFileReference; fileEncoding = 4; lastKnownFileType = sourcecode.c.h; path = LocationManager.h; sourceTree = SOURCE_ROOT; };
		9AA0CC1819DB12CB0029030D /* LocationManager.m */ = {isa = PBXFileReference; fileEncoding = 4; lastKnownFileType = sourcecode.c.objc; path = LocationManager.m; sourceTree = SOURCE_ROOT; };
		ED0A368D19DAD7490011DDB9 /* YAGMapView.h */ = {isa = PBXFileReference; fileEncoding = 4; lastKnownFileType = sourcecode.c.h; path = YAGMapView.h; sourceTree = "<group>"; };
		ED0A368E19DAD7490011DDB9 /* YAGMapView.m */ = {isa = PBXFileReference; fileEncoding = 4; lastKnownFileType = sourcecode.c.objc; path = YAGMapView.m; sourceTree = "<group>"; };
		ED0A369119DAE20E0011DDB9 /* Constants.h */ = {isa = PBXFileReference; fileEncoding = 4; lastKnownFileType = sourcecode.c.h; path = Constants.h; sourceTree = "<group>"; };
		ED16AC8419DA5CAE009347F1 /* Report.h */ = {isa = PBXFileReference; fileEncoding = 4; lastKnownFileType = sourcecode.c.h; path = Report.h; sourceTree = "<group>"; };
		ED16AC8519DA5CAE009347F1 /* Report.m */ = {isa = PBXFileReference; fileEncoding = 4; lastKnownFileType = sourcecode.c.objc; path = Report.m; sourceTree = "<group>"; };
		ED16AC8719DA5CC2009347F1 /* MapReport.h */ = {isa = PBXFileReference; fileEncoding = 4; lastKnownFileType = sourcecode.c.h; path = MapReport.h; sourceTree = "<group>"; };
		ED16AC8819DA5CC2009347F1 /* MapReport.m */ = {isa = PBXFileReference; fileEncoding = 4; lastKnownFileType = sourcecode.c.objc; path = MapReport.m; sourceTree = "<group>"; };
		ED16ACA419DA5E09009347F1 /* YAGMapReportVC.h */ = {isa = PBXFileReference; fileEncoding = 4; lastKnownFileType = sourcecode.c.h; path = YAGMapReportVC.h; sourceTree = "<group>"; };
		ED16ACA519DA5E09009347F1 /* YAGMapReportVC.m */ = {isa = PBXFileReference; fileEncoding = 4; lastKnownFileType = sourcecode.c.objc; path = YAGMapReportVC.m; sourceTree = "<group>"; };
		ED16ACA819DA5E09009347F1 /* YAGReportTVCell.h */ = {isa = PBXFileReference; fileEncoding = 4; lastKnownFileType = sourcecode.c.h; path = YAGReportTVCell.h; sourceTree = "<group>"; };
		ED16ACA919DA5E09009347F1 /* YAGReportTVCell.m */ = {isa = PBXFileReference; fileEncoding = 4; lastKnownFileType = sourcecode.c.objc; path = YAGReportTVCell.m; sourceTree = "<group>"; };
		ED16ACAA19DA5E0A009347F1 /* YAGReportTVCell.xib */ = {isa = PBXFileReference; fileEncoding = 4; lastKnownFileType = file.xib; path = YAGReportTVCell.xib; sourceTree = "<group>"; };
		ED1C88E519DE2C360014EAFC /* Event.h */ = {isa = PBXFileReference; fileEncoding = 4; lastKnownFileType = sourcecode.c.h; path = Event.h; sourceTree = "<group>"; };
		ED1C88E619DE2C360014EAFC /* Event.m */ = {isa = PBXFileReference; fileEncoding = 4; lastKnownFileType = sourcecode.c.objc; path = Event.m; sourceTree = "<group>"; };
		ED1C88E819DE337B0014EAFC /* User.h */ = {isa = PBXFileReference; fileEncoding = 4; lastKnownFileType = sourcecode.c.h; path = User.h; sourceTree = "<group>"; };
		ED1C88E919DE337B0014EAFC /* User.m */ = {isa = PBXFileReference; fileEncoding = 4; lastKnownFileType = sourcecode.c.objc; path = User.m; sourceTree = "<group>"; };
		ED70246719B748380014814C /* Yago.app */ = {isa = PBXFileReference; explicitFileType = wrapper.application; includeInIndex = 0; path = Yago.app; sourceTree = BUILT_PRODUCTS_DIR; };
		ED70246A19B748380014814C /* Foundation.framework */ = {isa = PBXFileReference; lastKnownFileType = wrapper.framework; name = Foundation.framework; path = System/Library/Frameworks/Foundation.framework; sourceTree = SDKROOT; };
		ED70246C19B748380014814C /* CoreGraphics.framework */ = {isa = PBXFileReference; lastKnownFileType = wrapper.framework; name = CoreGraphics.framework; path = System/Library/Frameworks/CoreGraphics.framework; sourceTree = SDKROOT; };
		ED70246E19B748380014814C /* UIKit.framework */ = {isa = PBXFileReference; lastKnownFileType = wrapper.framework; name = UIKit.framework; path = System/Library/Frameworks/UIKit.framework; sourceTree = SDKROOT; };
		ED70247219B748380014814C /* Yago-Info.plist */ = {isa = PBXFileReference; lastKnownFileType = text.plist.xml; path = "Yago-Info.plist"; sourceTree = "<group>"; };
		ED70247419B748380014814C /* en */ = {isa = PBXFileReference; lastKnownFileType = text.plist.strings; name = en; path = en.lproj/InfoPlist.strings; sourceTree = "<group>"; };
		ED70247619B748380014814C /* main.m */ = {isa = PBXFileReference; lastKnownFileType = sourcecode.c.objc; path = main.m; sourceTree = "<group>"; };
		ED70247819B748380014814C /* Yago-Prefix.pch */ = {isa = PBXFileReference; lastKnownFileType = sourcecode.c.h; path = "Yago-Prefix.pch"; sourceTree = "<group>"; };
		ED70247919B748380014814C /* YAGAppDelegate.h */ = {isa = PBXFileReference; lastKnownFileType = sourcecode.c.h; path = YAGAppDelegate.h; sourceTree = "<group>"; };
		ED70247A19B748380014814C /* YAGAppDelegate.m */ = {isa = PBXFileReference; lastKnownFileType = sourcecode.c.objc; path = YAGAppDelegate.m; sourceTree = "<group>"; };
		ED70247D19B748380014814C /* Base */ = {isa = PBXFileReference; lastKnownFileType = file.storyboard; name = Base; path = Base.lproj/Main_.storyboard; sourceTree = "<group>"; };
		ED70248219B748380014814C /* Images.xcassets */ = {isa = PBXFileReference; lastKnownFileType = folder.assetcatalog; path = Images.xcassets; sourceTree = "<group>"; };
		ED70248819B748380014814C /* YagoTests.xctest */ = {isa = PBXFileReference; explicitFileType = wrapper.cfbundle; includeInIndex = 0; path = YagoTests.xctest; sourceTree = BUILT_PRODUCTS_DIR; };
		ED70248919B748380014814C /* XCTest.framework */ = {isa = PBXFileReference; lastKnownFileType = wrapper.framework; name = XCTest.framework; path = Library/Frameworks/XCTest.framework; sourceTree = DEVELOPER_DIR; };
		ED70249119B748380014814C /* YagoTests-Info.plist */ = {isa = PBXFileReference; lastKnownFileType = text.plist.xml; path = "YagoTests-Info.plist"; sourceTree = "<group>"; };
		ED70249319B748380014814C /* en */ = {isa = PBXFileReference; lastKnownFileType = text.plist.strings; name = en; path = en.lproj/InfoPlist.strings; sourceTree = "<group>"; };
		ED70249519B748380014814C /* YagoTests.m */ = {isa = PBXFileReference; lastKnownFileType = sourcecode.c.objc; path = YagoTests.m; sourceTree = "<group>"; };
		ED70249F19B7485C0014814C /* GoogleMaps.bundle */ = {isa = PBXFileReference; lastKnownFileType = "wrapper.plug-in"; path = GoogleMaps.bundle; sourceTree = "<group>"; };
		ED7024A019B7485C0014814C /* GoogleMaps.framework */ = {isa = PBXFileReference; lastKnownFileType = wrapper.framework; path = GoogleMaps.framework; sourceTree = "<group>"; };
		ED7024A519B748630014814C /* FacebookSDK.framework */ = {isa = PBXFileReference; lastKnownFileType = wrapper.framework; path = FacebookSDK.framework; sourceTree = "<group>"; };
		ED7024A619B748630014814C /* Parse.framework */ = {isa = PBXFileReference; lastKnownFileType = wrapper.framework; path = Parse.framework; sourceTree = "<group>"; };
		ED7024A719B748630014814C /* ParseFacebookUtils.framework */ = {isa = PBXFileReference; lastKnownFileType = wrapper.framework; path = ParseFacebookUtils.framework; sourceTree = "<group>"; };
		ED7024AE19B749120014814C /* AudioToolbox.framework */ = {isa = PBXFileReference; lastKnownFileType = wrapper.framework; name = AudioToolbox.framework; path = System/Library/Frameworks/AudioToolbox.framework; sourceTree = SDKROOT; };
		ED7024B019B7491B0014814C /* CFNetwork.framework */ = {isa = PBXFileReference; lastKnownFileType = wrapper.framework; name = CFNetwork.framework; path = System/Library/Frameworks/CFNetwork.framework; sourceTree = SDKROOT; };
		ED7024B219B7492C0014814C /* CoreLocation.framework */ = {isa = PBXFileReference; lastKnownFileType = wrapper.framework; name = CoreLocation.framework; path = System/Library/Frameworks/CoreLocation.framework; sourceTree = SDKROOT; };
		ED7024B419B749340014814C /* libz.dylib */ = {isa = PBXFileReference; lastKnownFileType = "compiled.mach-o.dylib"; name = libz.dylib; path = usr/lib/libz.dylib; sourceTree = SDKROOT; };
		ED7024B619B7493C0014814C /* MobileCoreServices.framework */ = {isa = PBXFileReference; lastKnownFileType = wrapper.framework; name = MobileCoreServices.framework; path = System/Library/Frameworks/MobileCoreServices.framework; sourceTree = SDKROOT; };
		ED7024B819B749430014814C /* QuartzCore.framework */ = {isa = PBXFileReference; lastKnownFileType = wrapper.framework; name = QuartzCore.framework; path = System/Library/Frameworks/QuartzCore.framework; sourceTree = SDKROOT; };
		ED7024BA19B7494B0014814C /* Security.framework */ = {isa = PBXFileReference; lastKnownFileType = wrapper.framework; name = Security.framework; path = System/Library/Frameworks/Security.framework; sourceTree = SDKROOT; };
		ED7024BC19B749510014814C /* StoreKit.framework */ = {isa = PBXFileReference; lastKnownFileType = wrapper.framework; name = StoreKit.framework; path = System/Library/Frameworks/StoreKit.framework; sourceTree = SDKROOT; };
		ED7024BE19B749590014814C /* SystemConfiguration.framework */ = {isa = PBXFileReference; lastKnownFileType = wrapper.framework; name = SystemConfiguration.framework; path = System/Library/Frameworks/SystemConfiguration.framework; sourceTree = SDKROOT; };
		ED7024C019B749C70014814C /* AVFoundation.framework */ = {isa = PBXFileReference; lastKnownFileType = wrapper.framework; name = AVFoundation.framework; path = System/Library/Frameworks/AVFoundation.framework; sourceTree = SDKROOT; };
		ED7024C219B749D40014814C /* CoreData.framework */ = {isa = PBXFileReference; lastKnownFileType = wrapper.framework; name = CoreData.framework; path = System/Library/Frameworks/CoreData.framework; sourceTree = SDKROOT; };
		ED7024C419B749E80014814C /* CoreText.framework */ = {isa = PBXFileReference; lastKnownFileType = wrapper.framework; name = CoreText.framework; path = System/Library/Frameworks/CoreText.framework; sourceTree = SDKROOT; };
		ED7024C619B749F10014814C /* GLKit.framework */ = {isa = PBXFileReference; lastKnownFileType = wrapper.framework; name = GLKit.framework; path = System/Library/Frameworks/GLKit.framework; sourceTree = SDKROOT; };
		ED7024C819B749F70014814C /* ImageIO.framework */ = {isa = PBXFileReference; lastKnownFileType = wrapper.framework; name = ImageIO.framework; path = System/Library/Frameworks/ImageIO.framework; sourceTree = SDKROOT; };
		ED7024CA19B74A010014814C /* libc++.dylib */ = {isa = PBXFileReference; lastKnownFileType = "compiled.mach-o.dylib"; name = "libc++.dylib"; path = "usr/lib/libc++.dylib"; sourceTree = SDKROOT; };
		ED7024CC19B74A080014814C /* libicucore.dylib */ = {isa = PBXFileReference; lastKnownFileType = "compiled.mach-o.dylib"; name = libicucore.dylib; path = usr/lib/libicucore.dylib; sourceTree = SDKROOT; };
		ED7024CE19B74A160014814C /* OpenGLES.framework */ = {isa = PBXFileReference; lastKnownFileType = wrapper.framework; name = OpenGLES.framework; path = System/Library/Frameworks/OpenGLES.framework; sourceTree = SDKROOT; };
		ED7024D019B74A5B0014814C /* Social.framework */ = {isa = PBXFileReference; lastKnownFileType = wrapper.framework; name = Social.framework; path = System/Library/Frameworks/Social.framework; sourceTree = SDKROOT; };
		ED7024D219B74A610014814C /* Accounts.framework */ = {isa = PBXFileReference; lastKnownFileType = wrapper.framework; name = Accounts.framework; path = System/Library/Frameworks/Accounts.framework; sourceTree = SDKROOT; };
/* End PBXFileReference section */

/* Begin PBXFrameworksBuildPhase section */
		ED70246419B748380014814C /* Frameworks */ = {
			isa = PBXFrameworksBuildPhase;
			buildActionMask = 2147483647;
			files = (
				ED7024D319B74A610014814C /* Accounts.framework in Frameworks */,
				ED7024D119B74A5B0014814C /* Social.framework in Frameworks */,
				ED7024BF19B749590014814C /* SystemConfiguration.framework in Frameworks */,
				ED7024B919B749430014814C /* QuartzCore.framework in Frameworks */,
				ED7024CF19B74A160014814C /* OpenGLES.framework in Frameworks */,
				ED7024B519B749340014814C /* libz.dylib in Frameworks */,
				ED7024CD19B74A080014814C /* libicucore.dylib in Frameworks */,
				ED7024CB19B74A010014814C /* libc++.dylib in Frameworks */,
				ED7024C919B749F80014814C /* ImageIO.framework in Frameworks */,
				ED7024C719B749F10014814C /* GLKit.framework in Frameworks */,
				ED7024C519B749E80014814C /* CoreText.framework in Frameworks */,
				ED7024B319B7492C0014814C /* CoreLocation.framework in Frameworks */,
				ED7024C319B749D40014814C /* CoreData.framework in Frameworks */,
				ED7024C119B749C70014814C /* AVFoundation.framework in Frameworks */,
				ED7024BD19B749510014814C /* StoreKit.framework in Frameworks */,
				ED7024BB19B7494B0014814C /* Security.framework in Frameworks */,
				ED7024B719B7493C0014814C /* MobileCoreServices.framework in Frameworks */,
				ED70246D19B748380014814C /* CoreGraphics.framework in Frameworks */,
				ED7024B119B7491B0014814C /* CFNetwork.framework in Frameworks */,
				ED7024AF19B749120014814C /* AudioToolbox.framework in Frameworks */,
				ED70246F19B748380014814C /* UIKit.framework in Frameworks */,
				ED7024AA19B748630014814C /* Parse.framework in Frameworks */,
				ED7024A219B7485C0014814C /* GoogleMaps.framework in Frameworks */,
				ED70246B19B748380014814C /* Foundation.framework in Frameworks */,
				ED7024AB19B748630014814C /* ParseFacebookUtils.framework in Frameworks */,
				ED7024A919B748630014814C /* FacebookSDK.framework in Frameworks */,
			);
			runOnlyForDeploymentPostprocessing = 0;
		};
		ED70248519B748380014814C /* Frameworks */ = {
			isa = PBXFrameworksBuildPhase;
			buildActionMask = 2147483647;
			files = (
				ED70248A19B748380014814C /* XCTest.framework in Frameworks */,
				ED70248C19B748380014814C /* UIKit.framework in Frameworks */,
				ED70248B19B748380014814C /* Foundation.framework in Frameworks */,
			);
			runOnlyForDeploymentPostprocessing = 0;
		};
/* End PBXFrameworksBuildPhase section */

/* Begin PBXGroup section */
		9A67F03319DCA6EF007687CB /* Vendors */ = {
			isa = PBXGroup;
			children = (
				9A67F03419DCA815007687CB /* SWTableViewCell */,
			);
			path = Vendors;
			sourceTree = "<group>";
		};
		9A67F03419DCA815007687CB /* SWTableViewCell */ = {
			isa = PBXGroup;
			children = (
				9A67F03519DCA815007687CB /* NSMutableArray+SWUtilityButtons.h */,
				9A67F03619DCA815007687CB /* NSMutableArray+SWUtilityButtons.m */,
				9A67F03719DCA815007687CB /* SWCellScrollView.h */,
				9A67F03819DCA815007687CB /* SWCellScrollView.m */,
				9A67F03919DCA815007687CB /* SWLongPressGestureRecognizer.h */,
				9A67F03A19DCA815007687CB /* SWLongPressGestureRecognizer.m */,
				9A67F03B19DCA815007687CB /* SWTableViewCell.h */,
				9A67F03C19DCA815007687CB /* SWTableViewCell.m */,
				9A67F03D19DCA815007687CB /* SWUtilityButtonTapGestureRecognizer.h */,
				9A67F03E19DCA815007687CB /* SWUtilityButtonTapGestureRecognizer.m */,
				9A67F03F19DCA815007687CB /* SWUtilityButtonView.h */,
				9A67F04019DCA815007687CB /* SWUtilityButtonView.m */,
			);
			path = SWTableViewCell;
			sourceTree = "<group>";
		};
		9A67F04719DCB274007687CB /* github-assets */ = {
			isa = PBXGroup;
			children = (
				9A67F05019DCB2C5007687CB /* check@2x.png */,
				9A67F05119DCB2C5007687CB /* clock@2x.png */,
				9A67F05219DCB2C5007687CB /* cross@2x.png */,
				9A67F05319DCB2C5007687CB /* list@2x.png */,
			);
			path = "github-assets";
			sourceTree = "<group>";
		};
		ED087AB319DA3F7B0001074F /* Helpers */ = {
			isa = PBXGroup;
			children = (
				9AA0CC1719DB12CB0029030D /* LocationManager.h */,
				9AA0CC1819DB12CB0029030D /* LocationManager.m */,
			);
			path = Helpers;
			sourceTree = "<group>";
		};
		ED0A368C19DAD72F0011DDB9 /* YAGMapView */ = {
			isa = PBXGroup;
			children = (
				ED0A368D19DAD7490011DDB9 /* YAGMapView.h */,
				ED0A368E19DAD7490011DDB9 /* YAGMapView.m */,
			);
			path = YAGMapView;
			sourceTree = "<group>";
		};
		ED0A369019DAE1FE0011DDB9 /* Config */ = {
			isa = PBXGroup;
			children = (
				ED0A369119DAE20E0011DDB9 /* Constants.h */,
			);
			path = Config;
			sourceTree = "<group>";
		};
		ED16ACA319DA5E09009347F1 /* YAGMapReportVC */ = {
			isa = PBXGroup;
			children = (
				ED16ACA419DA5E09009347F1 /* YAGMapReportVC.h */,
				ED16ACA519DA5E09009347F1 /* YAGMapReportVC.m */,
				ED16ACA619DA5E09009347F1 /* YAGReportTV */,
			);
			path = YAGMapReportVC;
			sourceTree = "<group>";
		};
		ED16ACA619DA5E09009347F1 /* YAGReportTV */ = {
			isa = PBXGroup;
			children = (
				ED16ACA719DA5E09009347F1 /* YAGReportTVCell */,
			);
			path = YAGReportTV;
			sourceTree = "<group>";
		};
		ED16ACA719DA5E09009347F1 /* YAGReportTVCell */ = {
			isa = PBXGroup;
			children = (
				ED16ACA819DA5E09009347F1 /* YAGReportTVCell.h */,
				ED16ACA919DA5E09009347F1 /* YAGReportTVCell.m */,
				ED16ACAA19DA5E0A009347F1 /* YAGReportTVCell.xib */,
			);
			path = YAGReportTVCell;
			sourceTree = "<group>";
		};
		ED70245E19B748380014814C = {
			isa = PBXGroup;
			children = (
				ED70247019B748380014814C /* Yago */,
				ED70248F19B748380014814C /* YagoTests */,
				ED70246919B748380014814C /* Frameworks */,
				ED70246819B748380014814C /* Products */,
			);
			sourceTree = "<group>";
		};
		ED70246819B748380014814C /* Products */ = {
			isa = PBXGroup;
			children = (
				ED70246719B748380014814C /* Yago.app */,
				ED70248819B748380014814C /* YagoTests.xctest */,
			);
			name = Products;
			sourceTree = "<group>";
		};
		ED70246919B748380014814C /* Frameworks */ = {
			isa = PBXGroup;
			children = (
				ED7024D019B74A5B0014814C /* Social.framework */,
				ED7024CE19B74A160014814C /* OpenGLES.framework */,
				ED7024CC19B74A080014814C /* libicucore.dylib */,
				ED7024CA19B74A010014814C /* libc++.dylib */,
				ED7024D219B74A610014814C /* Accounts.framework */,
				ED7024C819B749F70014814C /* ImageIO.framework */,
				ED7024C619B749F10014814C /* GLKit.framework */,
				ED7024C419B749E80014814C /* CoreText.framework */,
				ED7024C219B749D40014814C /* CoreData.framework */,
				ED7024C019B749C70014814C /* AVFoundation.framework */,
				ED7024BE19B749590014814C /* SystemConfiguration.framework */,
				ED7024BC19B749510014814C /* StoreKit.framework */,
				ED7024BA19B7494B0014814C /* Security.framework */,
				ED7024B819B749430014814C /* QuartzCore.framework */,
				ED7024B619B7493C0014814C /* MobileCoreServices.framework */,
				ED7024B419B749340014814C /* libz.dylib */,
				ED7024B219B7492C0014814C /* CoreLocation.framework */,
				ED7024B019B7491B0014814C /* CFNetwork.framework */,
				ED7024AE19B749120014814C /* AudioToolbox.framework */,
				ED7024A319B748630014814C /* parse-library */,
				ED70249F19B7485C0014814C /* GoogleMaps.bundle */,
				ED7024A019B7485C0014814C /* GoogleMaps.framework */,
				ED70246A19B748380014814C /* Foundation.framework */,
				ED70246C19B748380014814C /* CoreGraphics.framework */,
				ED70246E19B748380014814C /* UIKit.framework */,
				ED70248919B748380014814C /* XCTest.framework */,
			);
			name = Frameworks;
			sourceTree = "<group>";
		};
		ED70247019B748380014814C /* Yago */ = {
			isa = PBXGroup;
			children = (
				9A67F03319DCA6EF007687CB /* Vendors */,
				ED0A369019DAE1FE0011DDB9 /* Config */,
				ED087AB319DA3F7B0001074F /* Helpers */,
				9A8F2EF319D5EF3500B85794 /* Main.storyboard */,
				ED7024AC19B748930014814C /* Model */,
				ED7024AD19B748930014814C /* Views */,
				ED70247919B748380014814C /* YAGAppDelegate.h */,
				ED70247A19B748380014814C /* YAGAppDelegate.m */,
				ED70247C19B748380014814C /* Main_.storyboard */,
				ED70248219B748380014814C /* Images.xcassets */,
				9A67F04719DCB274007687CB /* github-assets */,
				ED70247119B748380014814C /* Supporting Files */,
			);
			path = Yago;
			sourceTree = "<group>";
		};
		ED70247119B748380014814C /* Supporting Files */ = {
			isa = PBXGroup;
			children = (
				ED70247219B748380014814C /* Yago-Info.plist */,
				ED70247319B748380014814C /* InfoPlist.strings */,
				ED70247619B748380014814C /* main.m */,
				ED70247819B748380014814C /* Yago-Prefix.pch */,
			);
			name = "Supporting Files";
			sourceTree = "<group>";
		};
		ED70248F19B748380014814C /* YagoTests */ = {
			isa = PBXGroup;
			children = (
				ED70249519B748380014814C /* YagoTests.m */,
				ED70249019B748380014814C /* Supporting Files */,
			);
			path = YagoTests;
			sourceTree = "<group>";
		};
		ED70249019B748380014814C /* Supporting Files */ = {
			isa = PBXGroup;
			children = (
				ED70249119B748380014814C /* YagoTests-Info.plist */,
				ED70249219B748380014814C /* InfoPlist.strings */,
			);
			name = "Supporting Files";
			sourceTree = "<group>";
		};
		ED7024A319B748630014814C /* parse-library */ = {
			isa = PBXGroup;
			children = (
				ED7024A519B748630014814C /* FacebookSDK.framework */,
				ED7024A619B748630014814C /* Parse.framework */,
				ED7024A719B748630014814C /* ParseFacebookUtils.framework */,
			);
			path = "parse-library";
			sourceTree = "<group>";
		};
		ED7024AC19B748930014814C /* Model */ = {
			isa = PBXGroup;
			children = (
				ED1C88E819DE337B0014EAFC /* User.h */,
				ED1C88E919DE337B0014EAFC /* User.m */,
				ED16AC8719DA5CC2009347F1 /* MapReport.h */,
				ED16AC8819DA5CC2009347F1 /* MapReport.m */,
				ED16AC8419DA5CAE009347F1 /* Report.h */,
				ED16AC8519DA5CAE009347F1 /* Report.m */,
				ED1C88E519DE2C360014EAFC /* Event.h */,
				ED1C88E619DE2C360014EAFC /* Event.m */,
			);
			path = Model;
			sourceTree = "<group>";
		};
		ED7024AD19B748930014814C /* Views */ = {
			isa = PBXGroup;
			children = (
				ED0A368C19DAD72F0011DDB9 /* YAGMapView */,
				ED16ACA319DA5E09009347F1 /* YAGMapReportVC */,
			);
			path = Views;
			sourceTree = "<group>";
		};
/* End PBXGroup section */

/* Begin PBXNativeTarget section */
		ED70246619B748380014814C /* Yago */ = {
			isa = PBXNativeTarget;
			buildConfigurationList = ED70249919B748380014814C /* Build configuration list for PBXNativeTarget "Yago" */;
			buildPhases = (
				ED70246319B748380014814C /* Sources */,
				ED70246419B748380014814C /* Frameworks */,
				ED70246519B748380014814C /* Resources */,
			);
			buildRules = (
			);
			dependencies = (
			);
			name = Yago;
			productName = Yago;
			productReference = ED70246719B748380014814C /* Yago.app */;
			productType = "com.apple.product-type.application";
		};
		ED70248719B748380014814C /* YagoTests */ = {
			isa = PBXNativeTarget;
			buildConfigurationList = ED70249C19B748380014814C /* Build configuration list for PBXNativeTarget "YagoTests" */;
			buildPhases = (
				ED70248419B748380014814C /* Sources */,
				ED70248519B748380014814C /* Frameworks */,
				ED70248619B748380014814C /* Resources */,
			);
			buildRules = (
			);
			dependencies = (
				ED70248E19B748380014814C /* PBXTargetDependency */,
			);
			name = YagoTests;
			productName = YagoTests;
			productReference = ED70248819B748380014814C /* YagoTests.xctest */;
			productType = "com.apple.product-type.bundle.unit-test";
		};
/* End PBXNativeTarget section */

/* Begin PBXProject section */
		ED70245F19B748380014814C /* Project object */ = {
			isa = PBXProject;
			attributes = {
				CLASSPREFIX = YAG;
				LastUpgradeCheck = 0510;
				ORGANIZATIONNAME = koombea;
				TargetAttributes = {
					ED70246619B748380014814C = {
						DevelopmentTeam = SHCLPJTU4V;
					};
					ED70248719B748380014814C = {
						TestTargetID = ED70246619B748380014814C;
					};
				};
			};
			buildConfigurationList = ED70246219B748380014814C /* Build configuration list for PBXProject "Yago" */;
			compatibilityVersion = "Xcode 3.2";
			developmentRegion = English;
			hasScannedForEncodings = 0;
			knownRegions = (
				en,
				Base,
			);
			mainGroup = ED70245E19B748380014814C;
			productRefGroup = ED70246819B748380014814C /* Products */;
			projectDirPath = "";
			projectRoot = "";
			targets = (
				ED70246619B748380014814C /* Yago */,
				ED70248719B748380014814C /* YagoTests */,
			);
		};
/* End PBXProject section */

/* Begin PBXResourcesBuildPhase section */
		ED70246519B748380014814C /* Resources */ = {
			isa = PBXResourcesBuildPhase;
			buildActionMask = 2147483647;
			files = (
				9A67F05719DCB2C5007687CB /* list@2x.png in Resources */,
				ED70248319B748380014814C /* Images.xcassets in Resources */,
				9A67F05619DCB2C5007687CB /* cross@2x.png in Resources */,
				ED16ACAD19DA5E0A009347F1 /* YAGReportTVCell.xib in Resources */,
				9A8F2EF419D5EF3500B85794 /* Main.storyboard in Resources */,
				9A67F05419DCB2C5007687CB /* check@2x.png in Resources */,
				ED70247519B748380014814C /* InfoPlist.strings in Resources */,
				ED70247E19B748380014814C /* Main_.storyboard in Resources */,
				9A67F05519DCB2C5007687CB /* clock@2x.png in Resources */,
				ED7024A119B7485C0014814C /* GoogleMaps.bundle in Resources */,
			);
			runOnlyForDeploymentPostprocessing = 0;
		};
		ED70248619B748380014814C /* Resources */ = {
			isa = PBXResourcesBuildPhase;
			buildActionMask = 2147483647;
			files = (
				ED70249419B748380014814C /* InfoPlist.strings in Resources */,
			);
			runOnlyForDeploymentPostprocessing = 0;
		};
/* End PBXResourcesBuildPhase section */

/* Begin PBXSourcesBuildPhase section */
		ED70246319B748380014814C /* Sources */ = {
			isa = PBXSourcesBuildPhase;
			buildActionMask = 2147483647;
			files = (
				ED1C88EA19DE337B0014EAFC /* User.m in Sources */,
				9AA0CC1919DB12CB0029030D /* LocationManager.m in Sources */,
				ED16AC8919DA5CC2009347F1 /* MapReport.m in Sources */,
				ED16AC8619DA5CAE009347F1 /* Report.m in Sources */,
				ED70247B19B748380014814C /* YAGAppDelegate.m in Sources */,
				ED70247719B748380014814C /* main.m in Sources */,
				9A67F04419DCA815007687CB /* SWTableViewCell.m in Sources */,
				9A67F04519DCA815007687CB /* SWUtilityButtonTapGestureRecognizer.m in Sources */,
				ED16ACAC19DA5E0A009347F1 /* YAGReportTVCell.m in Sources */,
				ED0A368F19DAD7490011DDB9 /* YAGMapView.m in Sources */,
				9A67F04619DCA815007687CB /* SWUtilityButtonView.m in Sources */,
				9A67F04319DCA815007687CB /* SWLongPressGestureRecognizer.m in Sources */,
				9A67F04219DCA815007687CB /* SWCellScrollView.m in Sources */,
				ED1C88E719DE2C360014EAFC /* Event.m in Sources */,
				ED16ACAB19DA5E0A009347F1 /* YAGMapReportVC.m in Sources */,
				9A67F04119DCA815007687CB /* NSMutableArray+SWUtilityButtons.m in Sources */,
			);
			runOnlyForDeploymentPostprocessing = 0;
		};
		ED70248419B748380014814C /* Sources */ = {
			isa = PBXSourcesBuildPhase;
			buildActionMask = 2147483647;
			files = (
				ED70249619B748380014814C /* YagoTests.m in Sources */,
			);
			runOnlyForDeploymentPostprocessing = 0;
		};
/* End PBXSourcesBuildPhase section */

/* Begin PBXTargetDependency section */
		ED70248E19B748380014814C /* PBXTargetDependency */ = {
			isa = PBXTargetDependency;
			target = ED70246619B748380014814C /* Yago */;
			targetProxy = ED70248D19B748380014814C /* PBXContainerItemProxy */;
		};
/* End PBXTargetDependency section */

/* Begin PBXVariantGroup section */
		ED70247319B748380014814C /* InfoPlist.strings */ = {
			isa = PBXVariantGroup;
			children = (
				ED70247419B748380014814C /* en */,
			);
			name = InfoPlist.strings;
			sourceTree = "<group>";
		};
		ED70247C19B748380014814C /* Main_.storyboard */ = {
			isa = PBXVariantGroup;
			children = (
				ED70247D19B748380014814C /* Base */,
			);
			name = Main_.storyboard;
			sourceTree = "<group>";
		};
		ED70249219B748380014814C /* InfoPlist.strings */ = {
			isa = PBXVariantGroup;
			children = (
				ED70249319B748380014814C /* en */,
			);
			name = InfoPlist.strings;
			sourceTree = "<group>";
		};
/* End PBXVariantGroup section */

/* Begin XCBuildConfiguration section */
		ED70249719B748380014814C /* Debug */ = {
			isa = XCBuildConfiguration;
			buildSettings = {
				ALWAYS_SEARCH_USER_PATHS = NO;
				CLANG_CXX_LANGUAGE_STANDARD = "gnu++0x";
				CLANG_CXX_LIBRARY = "libc++";
				CLANG_ENABLE_MODULES = YES;
				CLANG_ENABLE_OBJC_ARC = YES;
				CLANG_WARN_BOOL_CONVERSION = YES;
				CLANG_WARN_CONSTANT_CONVERSION = YES;
				CLANG_WARN_DIRECT_OBJC_ISA_USAGE = YES_ERROR;
				CLANG_WARN_EMPTY_BODY = YES;
				CLANG_WARN_ENUM_CONVERSION = YES;
				CLANG_WARN_INT_CONVERSION = YES;
				CLANG_WARN_OBJC_ROOT_CLASS = YES_ERROR;
				CLANG_WARN__DUPLICATE_METHOD_MATCH = YES;
				CODE_SIGN_IDENTITY = "iPhone Developer: Raul Mantilla (67VL6SFRBL)";
				"CODE_SIGN_IDENTITY[sdk=iphoneos*]" = "iPhone Developer";
				COPY_PHASE_STRIP = NO;
				GCC_C_LANGUAGE_STANDARD = gnu99;
				GCC_DYNAMIC_NO_PIC = NO;
				GCC_OPTIMIZATION_LEVEL = 0;
				GCC_PREPROCESSOR_DEFINITIONS = (
					"DEBUG=1",
					"$(inherited)",
				);
				GCC_SYMBOLS_PRIVATE_EXTERN = NO;
				GCC_WARN_64_TO_32_BIT_CONVERSION = YES;
				GCC_WARN_ABOUT_RETURN_TYPE = YES_ERROR;
				GCC_WARN_UNDECLARED_SELECTOR = YES;
				GCC_WARN_UNINITIALIZED_AUTOS = YES_AGGRESSIVE;
				GCC_WARN_UNUSED_FUNCTION = YES;
				GCC_WARN_UNUSED_VARIABLE = YES;
				IPHONEOS_DEPLOYMENT_TARGET = 7.1;
				ONLY_ACTIVE_ARCH = YES;
				SDKROOT = iphoneos;
			};
			name = Debug;
		};
		ED70249819B748380014814C /* Release */ = {
			isa = XCBuildConfiguration;
			buildSettings = {
				ALWAYS_SEARCH_USER_PATHS = NO;
				CLANG_CXX_LANGUAGE_STANDARD = "gnu++0x";
				CLANG_CXX_LIBRARY = "libc++";
				CLANG_ENABLE_MODULES = YES;
				CLANG_ENABLE_OBJC_ARC = YES;
				CLANG_WARN_BOOL_CONVERSION = YES;
				CLANG_WARN_CONSTANT_CONVERSION = YES;
				CLANG_WARN_DIRECT_OBJC_ISA_USAGE = YES_ERROR;
				CLANG_WARN_EMPTY_BODY = YES;
				CLANG_WARN_ENUM_CONVERSION = YES;
				CLANG_WARN_INT_CONVERSION = YES;
				CLANG_WARN_OBJC_ROOT_CLASS = YES_ERROR;
				CLANG_WARN__DUPLICATE_METHOD_MATCH = YES;
				CODE_SIGN_IDENTITY = "iPhone Developer: Raul Mantilla (67VL6SFRBL)";
				"CODE_SIGN_IDENTITY[sdk=iphoneos*]" = "iPhone Developer";
				COPY_PHASE_STRIP = YES;
				ENABLE_NS_ASSERTIONS = NO;
				GCC_C_LANGUAGE_STANDARD = gnu99;
				GCC_WARN_64_TO_32_BIT_CONVERSION = YES;
				GCC_WARN_ABOUT_RETURN_TYPE = YES_ERROR;
				GCC_WARN_UNDECLARED_SELECTOR = YES;
				GCC_WARN_UNINITIALIZED_AUTOS = YES_AGGRESSIVE;
				GCC_WARN_UNUSED_FUNCTION = YES;
				GCC_WARN_UNUSED_VARIABLE = YES;
				IPHONEOS_DEPLOYMENT_TARGET = 7.1;
				SDKROOT = iphoneos;
				VALIDATE_PRODUCT = YES;
			};
			name = Release;
		};
		ED70249A19B748380014814C /* Debug */ = {
			isa = XCBuildConfiguration;
			buildSettings = {
				ASSETCATALOG_COMPILER_APPICON_NAME = AppIcon;
				ASSETCATALOG_COMPILER_LAUNCHIMAGE_NAME = LaunchImage;
				CODE_SIGN_IDENTITY = "iPhone Developer";
				"CODE_SIGN_IDENTITY[sdk=iphoneos*]" = "iPhone Developer";
				FRAMEWORK_SEARCH_PATHS = (
					"$(inherited)",
					"$(PROJECT_DIR)",
					"$(PROJECT_DIR)/parse-library",
				);
				GCC_PRECOMPILE_PREFIX_HEADER = YES;
				GCC_PREFIX_HEADER = "Yago/Yago-Prefix.pch";
				INFOPLIST_FILE = "Yago/Yago-Info.plist";
				OTHER_LDFLAGS = "-ObjC";
				PRODUCT_NAME = "$(TARGET_NAME)";
				PROVISIONING_PROFILE = "";
				WRAPPER_EXTENSION = app;
			};
			name = Debug;
		};
		ED70249B19B748380014814C /* Release */ = {
			isa = XCBuildConfiguration;
			buildSettings = {
				ASSETCATALOG_COMPILER_APPICON_NAME = AppIcon;
				ASSETCATALOG_COMPILER_LAUNCHIMAGE_NAME = LaunchImage;
				CODE_SIGN_IDENTITY = "iPhone Developer";
				"CODE_SIGN_IDENTITY[sdk=iphoneos*]" = "iPhone Developer";
				FRAMEWORK_SEARCH_PATHS = (
					"$(inherited)",
					"$(PROJECT_DIR)",
					"$(PROJECT_DIR)/parse-library",
				);
				GCC_PRECOMPILE_PREFIX_HEADER = YES;
				GCC_PREFIX_HEADER = "Yago/Yago-Prefix.pch";
				INFOPLIST_FILE = "Yago/Yago-Info.plist";
				OTHER_LDFLAGS = "-ObjC";
				PRODUCT_NAME = "$(TARGET_NAME)";
				PROVISIONING_PROFILE = "";
				WRAPPER_EXTENSION = app;
			};
			name = Release;
		};
		ED70249D19B748380014814C /* Debug */ = {
			isa = XCBuildConfiguration;
			buildSettings = {
				BUNDLE_LOADER = "$(BUILT_PRODUCTS_DIR)/Yago.app/Yago";
				FRAMEWORK_SEARCH_PATHS = (
					"$(SDKROOT)/Developer/Library/Frameworks",
					"$(inherited)",
					"$(DEVELOPER_FRAMEWORKS_DIR)",
				);
				GCC_PRECOMPILE_PREFIX_HEADER = YES;
				GCC_PREFIX_HEADER = "Yago/Yago-Prefix.pch";
				GCC_PREPROCESSOR_DEFINITIONS = (
					"DEBUG=1",
					"$(inherited)",
				);
				INFOPLIST_FILE = "YagoTests/YagoTests-Info.plist";
				PRODUCT_NAME = "$(TARGET_NAME)";
				TEST_HOST = "$(BUNDLE_LOADER)";
				WRAPPER_EXTENSION = xctest;
			};
			name = Debug;
		};
		ED70249E19B748380014814C /* Release */ = {
			isa = XCBuildConfiguration;
			buildSettings = {
				BUNDLE_LOADER = "$(BUILT_PRODUCTS_DIR)/Yago.app/Yago";
				FRAMEWORK_SEARCH_PATHS = (
					"$(SDKROOT)/Developer/Library/Frameworks",
					"$(inherited)",
					"$(DEVELOPER_FRAMEWORKS_DIR)",
				);
				GCC_PRECOMPILE_PREFIX_HEADER = YES;
				GCC_PREFIX_HEADER = "Yago/Yago-Prefix.pch";
				INFOPLIST_FILE = "YagoTests/YagoTests-Info.plist";
				PRODUCT_NAME = "$(TARGET_NAME)";
				TEST_HOST = "$(BUNDLE_LOADER)";
				WRAPPER_EXTENSION = xctest;
			};
			name = Release;
		};
/* End XCBuildConfiguration section */

/* Begin XCConfigurationList section */
		ED70246219B748380014814C /* Build configuration list for PBXProject "Yago" */ = {
			isa = XCConfigurationList;
			buildConfigurations = (
				ED70249719B748380014814C /* Debug */,
				ED70249819B748380014814C /* Release */,
			);
			defaultConfigurationIsVisible = 0;
			defaultConfigurationName = Release;
		};
		ED70249919B748380014814C /* Build configuration list for PBXNativeTarget "Yago" */ = {
			isa = XCConfigurationList;
			buildConfigurations = (
				ED70249A19B748380014814C /* Debug */,
				ED70249B19B748380014814C /* Release */,
			);
			defaultConfigurationIsVisible = 0;
			defaultConfigurationName = Release;
		};
		ED70249C19B748380014814C /* Build configuration list for PBXNativeTarget "YagoTests" */ = {
			isa = XCConfigurationList;
			buildConfigurations = (
				ED70249D19B748380014814C /* Debug */,
				ED70249E19B748380014814C /* Release */,
			);
			defaultConfigurationIsVisible = 0;
			defaultConfigurationName = Release;
		};
/* End XCConfigurationList section */
	};
	rootObject = ED70245F19B748380014814C /* Project object */;
}
